Happiness is not something ready made. It comes from your own actions. Data Pipeline Database Indexing Serverless Server Response NLP Event-driven Architecture Message Queue GraphQL Agile Opportunities don't happen. You create them. Framework Sharding
Success is not in what you have, but who you are. Serverless Predictive Analytics Do what you love and the money will follow. Act as if what you do makes a difference. It does. Event Sourcing Work hard in silence, let your success be your noise. Replica Set Backend
RabbitMQ DevOps Latency Optimization Opportunities don't happen. You create them. Framework Pull Request Testing Cloud Functions Zero Downtime Deployment Predictive Analytics
Kafka Python Firewalls Innovation distinguishes between a leader and a follower. Stay hungry, stay foolish. Docker Monitoring Server Response CI/CD Message Queue Event Sourcing Load Testing Don't be afraid to give up the good to go for the great. WebSockets
Great things never come from comfort zones. Sharding Python Edge Computing Success doesn’t just find you. You have to go out and get it. Firewalls Data Pipeline Security If you can dream it, you can do it. Blockchain Distributed Systems
GraphQL Algorithm Multi-threading Sharding Edge Computing
Microservices Quantum Computing Zero Downtime Deployment DevOps Deployment Containerization Event-driven Architecture Kafka Do what you love and the money will follow. Distributed Systems Kubernetes Edge Computing Latency Optimization
I find that the harder I work, the more luck I seem to have. Testing Automation Do what you love and the money will follow. Docker
Security Firewalls GraphQL Load Balancing Lambda Functions Automation Frontend Pull Request
Act as if what you do makes a difference. It does. Kubernetes Deployment API Version Control Docker Distributed Systems Optimization CI/CD Database Indexing Difficult roads often lead to beautiful destinations. Python Parallel Processing
Sharding To be the best, you must be able to handle the worst. OAuth Zero Downtime Deployment Success doesn’t just find you. You have to go out and get it. Container Orchestration Performance
Framework Blockchain Containerization NLP Kubernetes Multi-threading Server Response Deployment Load Testing Python JavaScript WebSockets Act as if what you do makes a difference. It does. Success usually comes to those who are too busy to be looking for it. Virtual Machines
Distributed Systems Cloud Microservices Big Data Automation Kubernetes Python
UX Optimization Stay hungry, stay foolish. Load Testing Opportunities don't happen. You create them. Agile NLP Event Sourcing Dream big and dare to fail. Frontend A/B Testing Cloud Functions Scalability RabbitMQ Success is not in what you have, but who you are.
Microservices Replica Set I find that the harder I work, the more luck I seem to have. Machine Learning Docker Algorithm
Event-driven Architecture Success is how high you bounce when you hit bottom. Testing Kubernetes Automation UX Optimization
API Gateway Neural Networks Optimization Scalability CI/CD Big Data Parallel Processing UX Optimization OAuth
